
Microsoft Visual Studio Solution File, Format Version 12.00
# Visual Studio 2012
Project("{FAE04EC0-301F-11D3-BF4B-00C04F79EFBC}") = "Fecha", "Fecha\Fecha.csproj", "{C7B34E6B-0E2A-43EB-A629-AABD5AC5AD56}"
EndProject
Global
	GlobalSection(SolutionConfigurationPlatforms) = preSolution
		Debug|Any CPU = Debug|Any CPU
		Release|Any CPU = Release|Any CPU
	EndGlobalSection
	GlobalSection(ProjectConfigurationPlatforms) = postSolution
		{C7B34E6B-0E2A-43EB-A629-AABD5AC5AD56}.Debug|Any CPU.ActiveCfg = Debug|Any CPU
		{C7B34E6B-0E2A-43EB-A629-AABD5AC5AD56}.Debug|Any CPU.Build.0 = Debug|Any CPU
		{C7B34E6B-0E2A-43EB-A629-AABD5AC5AD56}.Release|Any CPU.ActiveCfg = Release|Any CPU
		{C7B34E6B-0E2A-43EB-A629-AABD5AC5AD56}.Release|Any CPU.Build.0 = Release|Any CPU
	EndGlobalSection
	GlobalSection(SolutionProperties) = preSolution
		HideSolutionNode = FALSE
	EndGlobalSection
EndGlobal
